
Microsoft Visual Studio Solution File, Format Version 12.00
# Visual Studio Version 16
VisualStudioVersion = 16.0.29613.14
MinimumVisualStudioVersion = 10.0.40219.1
Project("{9A19103F-16F7-4668-BE54-9A1E7A4F7556}") = "Challenge_2", "Challenge_2\Challenge_2.csproj", "{D4955725-7382-4C84-A0E0-DD068355EAC2}"
EndProject
Project("{9A19103F-16F7-4668-BE54-9A1E7A4F7556}") = "Challenge_3", "Challenge_3\Challenge_3.csproj", "{98E5FF55-11FD-41EC-8804-0F34A04B2905}"
EndProject
Project("{FAE04EC0-301F-11D3-BF4B-00C04F79EFBC}") = "Challenge_5", "Challenge_5\Challenge_5.csproj", "{3CB914C4-A5AB-44A9-8849-632A98586FB4}"
EndProject
Global
	GlobalSection(SolutionConfigurationPlatforms) = preSolution
		Debug|Any CPU = Debug|Any CPU
		Release|Any CPU = Release|Any CPU
	EndGlobalSection
	GlobalSection(ProjectConfigurationPlatforms) = postSolution
		{D4955725-7382-4C84-A0E0-DD068355EAC2}.Debug|Any CPU.ActiveCfg = Debug|Any CPU
		{D4955725-7382-4C84-A0E0-DD068355EAC2}.Debug|Any CPU.Build.0 = Debug|Any CPU
		{D4955725-7382-4C84-A0E0-DD068355EAC2}.Release|Any CPU.ActiveCfg = Release|Any CPU
		{D4955725-7382-4C84-A0E0-DD068355EAC2}.Release|Any CPU.Build.0 = Release|Any CPU
		{98E5FF55-11FD-41EC-8804-0F34A04B2905}.Debug|Any CPU.ActiveCfg = Debug|Any CPU
		{98E5FF55-11FD-41EC-8804-0F34A04B2905}.Debug|Any CPU.Build.0 = Debug|Any CPU
		{98E5FF55-11FD-41EC-8804-0F34A04B2905}.Release|Any CPU.ActiveCfg = Release|Any CPU
		{98E5FF55-11FD-41EC-8804-0F34A04B2905}.Release|Any CPU.Build.0 = Release|Any CPU
		{3CB914C4-A5AB-44A9-8849-632A98586FB4}.Debug|Any CPU.ActiveCfg = Debug|Any CPU
		{3CB914C4-A5AB-44A9-8849-632A98586FB4}.Debug|Any CPU.Build.0 = Debug|Any CPU
		{3CB914C4-A5AB-44A9-8849-632A98586FB4}.Release|Any CPU.ActiveCfg = Release|Any CPU
		{3CB914C4-A5AB-44A9-8849-632A98586FB4}.Release|Any CPU.Build.0 = Release|Any CPU
	EndGlobalSection
	GlobalSection(SolutionProperties) = preSolution
		HideSolutionNode = FALSE
	EndGlobalSection
	GlobalSection(ExtensibilityGlobals) = postSolution
		SolutionGuid = {7906344C-38A9-4CE3-BFEC-195C7349C40A}
	EndGlobalSection
EndGlobal
